// !$*UTF8*$!
{
	archiveVersion = 1;
	classes = {
	};
	objectVersion = 50;
	objects = {

/* Begin PBXBuildFile section */
		34A8E8EC26F822E800217CEB /* AppDelegate.swift in Sources */ = {isa = PBXBuildFile; fileRef = 34A8E8EB26F822E800217CEB /* AppDelegate.swift */; };
		34A8E8EE26F822E800217CEB /* SceneDelegate.swift in Sources */ = {isa = PBXBuildFile; fileRef = 34A8E8ED26F822E800217CEB /* SceneDelegate.swift */; };
		34A8E8F026F822E800217CEB /* ContentView.swift in Sources */ = {isa = PBXBuildFile; fileRef = 34A8E8EF26F822E800217CEB /* ContentView.swift */; };
		34A8E8F226F822EA00217CEB /* Assets.xcassets in Resources */ = {isa = PBXBuildFile; fileRef = 34A8E8F126F822EA00217CEB /* Assets.xcassets */; };
		34A8E8F526F822EA00217CEB /* Preview Assets.xcassets in Resources */ = {isa = PBXBuildFile; fileRef = 34A8E8F426F822EA00217CEB /* Preview Assets.xcassets */; };
		34A8E8F826F822EA00217CEB /* LaunchScreen.storyboard in Resources */ = {isa = PBXBuildFile; fileRef = 34A8E8F626F822EA00217CEB /* LaunchScreen.storyboard */; };
/* End PBXBuildFile section */

/* Begin PBXFileReference section */
		34A8E8E826F822E800217CEB /* GoodWeatherSUI.app */ = {isa = PBXFileReference; explicitFileType = wrapper.application; includeInIndex = 0; path = GoodWeatherSUI.app; sourceTree = BUILT_PRODUCTS_DIR; };
		34A8E8EB26F822E800217CEB /* AppDelegate.swift */ = {isa = PBXFileReference; lastKnownFileType = sourcecode.swift; path = AppDelegate.swift; sourceTree = "<group>"; };
		34A8E8ED26F822E800217CEB /* SceneDelegate.swift */ = {isa = PBXFileReference; lastKnownFileType = sourcecode.swift; path = SceneDelegate.swift; sourceTree = "<group>"; };
		34A8E8EF26F822E800217CEB /* ContentView.swift */ = {isa = PBXFileReference; lastKnownFileType = sourcecode.swift; path = ContentView.swift; sourceTree = "<group>"; };
		34A8E8F126F822EA00217CEB /* Assets.xcassets */ = {isa = PBXFileReference; lastKnownFileType = folder.assetcatalog; path = Assets.xcassets; sourceTree = "<group>"; };
		34A8E8F426F822EA00217CEB /* Preview Assets.xcassets */ = {isa = PBXFileReference; lastKnownFileType = folder.assetcatalog; path = "Preview Assets.xcassets"; sourceTree = "<group>"; };
		34A8E8F726F822EA00217CEB /* Base */ = {isa = PBXFileReference; lastKnownFileType = file.storyboard; name = Base; path = Base.lproj/LaunchScreen.storyboard; sourceTree = "<group>"; };
		34A8E8F926F822EA00217CEB /* Info.plist */ = {isa = PBXFileReference; lastKnownFileType = text.plist.xml; path = Info.plist; sourceTree = "<group>"; };
/* End PBXFileReference section */

/* Begin PBXFrameworksBuildPhase section */
		34A8E8E526F822E800217CEB /* Frameworks */ = {
			isa = PBXFrameworksBuildPhase;
			buildActionMask = 2147483647;
			files = (
			);
			runOnlyForDeploymentPostprocessing = 0;
		};
/* End PBXFrameworksBuildPhase section */

/* Begin PBXGroup section */
		34A8E8DF26F822E800217CEB = {
			isa = PBXGroup;
			children = (
				34A8E8EA26F822E800217CEB /* GoodWeatherSUI */,
				34A8E8E926F822E800217CEB /* Products */,
			);
			sourceTree = "<group>";
		};
		34A8E8E926F822E800217CEB /* Products */ = {
			isa = PBXGroup;
			children = (
				34A8E8E826F822E800217CEB /* GoodWeatherSUI.app */,
			);
			name = Products;
			sourceTree = "<group>";
		};
		34A8E8EA26F822E800217CEB /* GoodWeatherSUI */ = {
			isa = PBXGroup;
			children = (
				34A8E8EB26F822E800217CEB /* AppDelegate.swift */,
				34A8E8ED26F822E800217CEB /* SceneDelegate.swift */,
				34A8E8EF26F822E800217CEB /* ContentView.swift */,
				34A8E8F126F822EA00217CEB /* Assets.xcassets */,
				34A8E8F626F822EA00217CEB /* LaunchScreen.storyboard */,
				34A8E8F926F822EA00217CEB /* Info.plist */,
				34A8E8F326F822EA00217CEB /* Preview Content */,
			);
			path = GoodWeatherSUI;
			sourceTree = "<group>";
		};
		34A8E8F326F822EA00217CEB /* Preview Content */ = {
			isa = PBXGroup;
			children = (
				34A8E8F426F822EA00217CEB /* Preview Assets.xcassets */,
			);
			path = "Preview Content";
			sourceTree = "<group>";
		};
/* End PBXGroup section */

/* Begin PBXNativeTarget section */
		34A8E8E726F822E800217CEB /* GoodWeatherSUI */ = {
			isa = PBXNativeTarget;
			buildConfigurationList = 34A8E8FC26F822EA00217CEB /* Build configuration list for PBXNativeTarget "GoodWeatherSUI" */;
			buildPhases = (
				34A8E8E426F822E800217CEB /* Sources */,
				34A8E8E526F822E800217CEB /* Frameworks */,
				34A8E8E626F822E800217CEB /* Resources */,
			);
			buildRules = (
			);
			dependencies = (
			);
			name = GoodWeatherSUI;
			productName = GoodWeatherSUI;
			productReference = 34A8E8E826F822E800217CEB /* GoodWeatherSUI.app */;
			productType = "com.apple.product-type.application";
		};
/* End PBXNativeTarget section */

/* Begin PBXProject section */
		34A8E8E026F822E800217CEB /* Project object */ = {
			isa = PBXProject;
			attributes = {
				LastSwiftUpdateCheck = 1250;
				LastUpgradeCheck = 1250;
				TargetAttributes = {
					34A8E8E726F822E800217CEB = {
						CreatedOnToolsVersion = 12.5.1;
					};
				};
			};
			buildConfigurationList = 34A8E8E326F822E800217CEB /* Build configuration list for PBXProject "GoodWeatherSUI" */;
			compatibilityVersion = "Xcode 9.3";
			developmentRegion = en;
			hasScannedForEncodings = 0;
			knownRegions = (
				en,
				Base,
			);
			mainGroup = 34A8E8DF26F822E800217CEB;
			productRefGroup = 34A8E8E926F822E800217CEB /* Products */;
			projectDirPath = "";
			projectRoot = "";
			targets = (
				34A8E8E726F822E800217CEB /* GoodWeatherSUI */,
			);
		};
/* End PBXProject section */

/* Begin PBXResourcesBuildPhase section */
		34A8E8E626F822E800217CEB /* Resources */ = {
			isa = PBXResourcesBuildPhase;
			buildActionMask = 2147483647;
			files = (
				34A8E8F826F822EA00217CEB /* LaunchScreen.storyboard in Resources */,
				34A8E8F526F822EA00217CEB /* Preview Assets.xcassets in Resources */,
				34A8E8F226F822EA00217CEB /* Assets.xcassets in Resources */,
			);
			runOnlyForDeploymentPostprocessing = 0;
		};
/* End PBXResourcesBuildPhase section */

/* Begin PBXSourcesBuildPhase section */
		34A8E8E426F822E800217CEB /* Sources */ = {
			isa = PBXSourcesBuildPhase;
			buildActionMask = 2147483647;
			files = (
				34A8E8EC26F822E800217CEB /* AppDelegate.swift in Sources */,
				34A8E8EE26F822E800217CEB /* SceneDelegate.swift in Sources */,
				34A8E8F026F822E800217CEB /* ContentView.swift in Sources */,
			);
			runOnlyForDeploymentPostprocessing = 0;
		};
/* End PBXSourcesBuildPhase section */

/* Begin PBXVariantGroup section */
		34A8E8F626F822EA00217CEB /* LaunchScreen.storyboard */ = {
			isa = PBXVariantGroup;
			children = (
				34A8E8F726F822EA00217CEB /* Base */,
			);
			name = LaunchScreen.storyboard;
			sourceTree = "<group>";
		};
/* End PBXVariantGroup section */

/* Begin XCBuildConfiguration section */
		34A8E8FA26F822EA00217CEB /* Debug */ = {
			isa = XCBuildConfiguration;
			buildSettings = {
				ALWAYS_SEARCH_USER_PATHS = NO;
				CLANG_ANALYZER_NONNULL = YES;
				CLANG_ANALYZER_NUMBER_OBJECT_CONVERSION = YES_AGGRESSIVE;
				CLANG_CXX_LANGUAGE_STANDARD = "gnu++14";
				CLANG_CXX_LIBRARY = "libc++";
				CLANG_ENABLE_MODULES = YES;
				CLANG_ENABLE_OBJC_ARC = YES;
				CLANG_ENABLE_OBJC_WEAK = YES;
				CLANG_WARN_BLOCK_CAPTURE_AUTORELEASING = YES;
				CLANG_WARN_BOOL_CONVERSION = YES;
				CLANG_WARN_COMMA = YES;
				CLANG_WARN_CONSTANT_CONVERSION = YES;
				CLANG_WARN_DEPRECATED_OBJC_IMPLEMENTATIONS = YES;
				CLANG_WARN_DIRECT_OBJC_ISA_USAGE = YES_ERROR;
				CLANG_WARN_DOCUMENTATION_COMMENTS = YES;
				CLANG_WARN_EMPTY_BODY = YES;
				CLANG_WARN_ENUM_CONVERSION = YES;
				CLANG_WARN_INFINITE_RECURSION = YES;
				CLANG_WARN_INT_CONVERSION = YES;
				CLANG_WARN_NON_LITERAL_NULL_CONVERSION = YES;
				CLANG_WARN_OBJC_IMPLICIT_RETAIN_SELF = YES;
				CLANG_WARN_OBJC_LITERAL_CONVERSION = YES;
				CLANG_WARN_OBJC_ROOT_CLASS = YES_ERROR;
				CLANG_WARN_QUOTED_INCLUDE_IN_FRAMEWORK_HEADER = YES;
				CLANG_WARN_RANGE_LOOP_ANALYSIS = YES;
				CLANG_WARN_STRICT_PROTOTYPES = YES;
				CLANG_WARN_SUSPICIOUS_MOVE = YES;
				CLANG_WARN_UNGUARDED_AVAILABILITY = YES_AGGRESSIVE;
				CLANG_WARN_UNREACHABLE_CODE = YES;
				CLANG_WARN__DUPLICATE_METHOD_MATCH = YES;
				COPY_PHASE_STRIP = NO;
				DEBUG_INFORMATION_FORMAT = dwarf;
				ENABLE_STRICT_OBJC_MSGSEND = YES;
				ENABLE_TESTABILITY = YES;
				GCC_C_LANGUAGE_STANDARD = gnu11;
				GCC_DYNAMIC_NO_PIC = NO;
				GCC_NO_COMMON_BLOCKS = YES;
				GCC_OPTIMIZATION_LEVEL = 0;
				GCC_PREPROCESSOR_DEFINITIONS = (
					"DEBUG=1",
					"$(inherited)",
				);
				GCC_WARN_64_TO_32_BIT_CONVERSION = YES;
				GCC_WARN_ABOUT_RETURN_TYPE = YES_ERROR;
				GCC_WARN_UNDECLARED_SELECTOR = YES;
				GCC_WARN_UNINITIALIZED_AUTOS = YES_AGGRESSIVE;
				GCC_WARN_UNUSED_FUNCTION = YES;
				GCC_WARN_UNUSED_VARIABLE = YES;
				IPHONEOS_DEPLOYMENT_TARGET = 14.5;
				MTL_ENABLE_DEBUG_INFO = INCLUDE_SOURCE;
				MTL_FAST_MATH = YES;
				ONLY_ACTIVE_ARCH = YES;
				SDKROOT = iphoneos;
				SWIFT_ACTIVE_COMPILATION_CONDITIONS = DEBUG;
				SWIFT_OPTIMIZATION_LEVEL = "-Onone";
			};
			name = Debug;
		};
		34A8E8FB26F822EA00217CEB /* Release */ = {
			isa = XCBuildConfiguration;
			buildSettings = {
				ALWAYS_SEARCH_USER_PATHS = NO;
				CLANG_ANALYZER_NONNULL = YES;
				CLANG_ANALYZER_NUMBER_OBJECT_CONVERSION = YES_AGGRESSIVE;
				CLANG_CXX_LANGUAGE_STANDARD = "gnu++14";
				CLANG_CXX_LIBRARY = "libc++";
				CLANG_ENABLE_MODULES = YES;
				CLANG_ENABLE_OBJC_ARC = YES;
				CLANG_ENABLE_OBJC_WEAK = YES;
				CLANG_WARN_BLOCK_CAPTURE_AUTORELEASING = YES;
				CLANG_WARN_BOOL_CONVERSION = YES;
				CLANG_WARN_COMMA = YES;
				CLANG_WARN_CONSTANT_CONVERSION = YES;
				CLANG_WARN_DEPRECATED_OBJC_IMPLEMENTATIONS = YES;
				CLANG_WARN_DIRECT_OBJC_ISA_USAGE = YES_ERROR;
				CLANG_WARN_DOCUMENTATION_COMMENTS = YES;
				CLANG_WARN_EMPTY_BODY = YES;
				CLANG_WARN_ENUM_CONVERSION = YES;
				CLANG_WARN_INFINITE_RECURSION = YES;
				CLANG_WARN_INT_CONVERSION = YES;
				CLANG_WARN_NON_LITERAL_NULL_CONVERSION = YES;
				CLANG_WARN_OBJC_IMPLICIT_RETAIN_SELF = YES;
				CLANG_WARN_OBJC_LITERAL_CONVERSION = YES;
				CLANG_WARN_OBJC_ROOT_CLASS = YES_ERROR;
				CLANG_WARN_QUOTED_INCLUDE_IN_FRAMEWORK_HEADER = YES;
				CLANG_WARN_RANGE_LOOP_ANALYSIS = YES;
				CLANG_WARN_STRICT_PROTOTYPES = YES;
				CLANG_WARN_SUSPICIOUS_MOVE = YES;
				CLANG_WARN_UNGUARDED_AVAILABILITY = YES_AGGRESSIVE;
				CLANG_WARN_UNREACHABLE_CODE = YES;
				CLANG_WARN__DUPLICATE_METHOD_MATCH = YES;
				COPY_PHASE_STRIP = NO;
				DEBUG_INFORMATION_FORMAT = "dwarf-with-dsym";
				ENABLE_NS_ASSERTIONS = NO;
				ENABLE_STRICT_OBJC_MSGSEND = YES;
				GCC_C_LANGUAGE_STANDARD = gnu11;
				GCC_NO_COMMON_BLOCKS = YES;
				GCC_WARN_64_TO_32_BIT_CONVERSION = YES;
				GCC_WARN_ABOUT_RETURN_TYPE = YES_ERROR;
				GCC_WARN_UNDECLARED_SELECTOR = YES;
				GCC_WARN_UNINITIALIZED_AUTOS = YES_AGGRESSIVE;
				GCC_WARN_UNUSED_FUNCTION = YES;
				GCC_WARN_UNUSED_VARIABLE = YES;
				IPHONEOS_DEPLOYMENT_TARGET = 14.5;
				MTL_ENABLE_DEBUG_INFO = NO;
				MTL_FAST_MATH = YES;
				SDKROOT = iphoneos;
				SWIFT_COMPILATION_MODE = wholemodule;
				SWIFT_OPTIMIZATION_LEVEL = "-O";
				VALIDATE_PRODUCT = YES;
			};
			name = Release;
		};
		34A8E8FD26F822EA00217CEB /* Debug */ = {
			isa = XCBuildConfiguration;
			buildSettings = {
				ASSETCATALOG_COMPILER_APPICON_NAME = AppIcon;
				ASSETCATALOG_COMPILER_GLOBAL_ACCENT_COLOR_NAME = AccentColor;
				CODE_SIGN_STYLE = Automatic;
				DEVELOPMENT_ASSET_PATHS = "\"GoodWeatherSUI/Preview Content\"";
				DEVELOPMENT_TEAM = GRPJUHAC73;
				ENABLE_PREVIEWS = YES;
				INFOPLIST_FILE = GoodWeatherSUI/Info.plist;
				LD_RUNPATH_SEARCH_PATHS = (
					"$(inherited)",
					"@executable_path/Frameworks",
				);
				PRODUCT_BUNDLE_IDENTIFIER = com.chiokGoodWeatherSUI.GoodWeatherSUI;
				PRODUCT_NAME = "$(TARGET_NAME)";
				SWIFT_VERSION = 5.0;
				TARGETED_DEVICE_FAMILY = "1,2";
			};
			name = Debug;
		};
		34A8E8FE26F822EA00217CEB /* Release */ = {
			isa = XCBuildConfiguration;
			buildSettings = {
				ASSETCATALOG_COMPILER_APPICON_NAME = AppIcon;
				ASSETCATALOG_COMPILER_GLOBAL_ACCENT_COLOR_NAME = AccentColor;
				CODE_SIGN_STYLE = Automatic;
				DEVELOPMENT_ASSET_PATHS = "\"GoodWeatherSUI/Preview Content\"";
				DEVELOPMENT_TEAM = GRPJUHAC73;
				ENABLE_PREVIEWS = YES;
				INFOPLIST_FILE = GoodWeatherSUI/Info.plist;
				LD_RUNPATH_SEARCH_PATHS = (
					"$(inherited)",
					"@executable_path/Frameworks",
				);
				PRODUCT_BUNDLE_IDENTIFIER = com.chiokGoodWeatherSUI.GoodWeatherSUI;
				PRODUCT_NAME = "$(TARGET_NAME)";
				SWIFT_VERSION = 5.0;
				TARGETED_DEVICE_FAMILY = "1,2";
			};
			name = Release;
		};
/* End XCBuildConfiguration section */

/* Begin XCConfigurationList section */
		34A8E8E326F822E800217CEB /* Build configuration list for PBXProject "GoodWeatherSUI" */ = {
			isa = XCConfigurationList;
			buildConfigurations = (
				34A8E8FA26F822EA00217CEB /* Debug */,
				34A8E8FB26F822EA00217CEB /* Release */,
			);
			defaultConfigurationIsVisible = 0;
			defaultConfigurationName = Release;
		};
		34A8E8FC26F822EA00217CEB /* Build configuration list for PBXNativeTarget "GoodWeatherSUI" */ = {
			isa = XCConfigurationList;
			buildConfigurations = (
				34A8E8FD26F822EA00217CEB /* Debug */,
				34A8E8FE26F822EA00217CEB /* Release */,
			);
			defaultConfigurationIsVisible = 0;
			defaultConfigurationName = Release;
		};
/* End XCConfigurationList section */
	};
	rootObject = 34A8E8E026F822E800217CEB /* Project object */;
}
